
Microsoft Visual Studio Solution File, Format Version 12.00
# Visual Studio Version 17
VisualStudioVersion = 17.1.31911.260
MinimumVisualStudioVersion = 10.0.40219.1
Project("{FAE04EC0-301F-11D3-BF4B-00C04F79EFBC}") = "InformationSystem", "InformationSystem\InformationSystem.csproj", "{DF44C53A-7A9D-4977-92C3-19A0C8E3877C}"
EndProject
Global
	GlobalSection(SolutionConfigurationPlatforms) = preSolution
		Debug|Any CPU = Debug|Any CPU
		Release|Any CPU = Release|Any CPU
	EndGlobalSection
	GlobalSection(ProjectConfigurationPlatforms) = postSolution
		{DF44C53A-7A9D-4977-92C3-19A0C8E3877C}.Debug|Any CPU.ActiveCfg = Debug|Any CPU
		{DF44C53A-7A9D-4977-92C3-19A0C8E3877C}.Debug|Any CPU.Build.0 = Debug|Any CPU
		{DF44C53A-7A9D-4977-92C3-19A0C8E3877C}.Release|Any CPU.ActiveCfg = Release|Any CPU
		{DF44C53A-7A9D-4977-92C3-19A0C8E3877C}.Release|Any CPU.Build.0 = Release|Any CPU
	EndGlobalSection
	GlobalSection(SolutionProperties) = preSolution
		HideSolutionNode = FALSE
	EndGlobalSection
	GlobalSection(ExtensibilityGlobals) = postSolution
		SolutionGuid = {1C52DCB6-A5E2-472A-A28D-4C21FB12A07D}
	EndGlobalSection
EndGlobal
